{
    "_readme": [
        "This file locks the dependencies of your project to a known state",
        "Read more about it at https://getcomposer.org/doc/01-basic-usage.md#installing-dependencies",
        "This file is @generated automatically"
    ],
    "content-hash": "af415edd7b0ad1481d034581209f519a",
    "packages": [
        {
            "name": "developer-samuel/php-codestats",
            "version": "1.1.0",
            "source": {
                "type": "git",
                "url": "https://github.com/Developer-Samuel/php-codestats.git",
                "reference": "610b500c8963be3e9ab4d7b76a2de4f3c1687bfb"
            },
            "dist": {
                "type": "zip",
                "url": "https://api.github.com/repos/Developer-Samuel/php-codestats/zipball/610b500c8963be3e9ab4d7b76a2de4f3c1687bfb",
                "reference": "610b500c8963be3e9ab4d7b76a2de4f3c1687bfb",
                "shasum": ""
            },
            "require": {
                "php": "^8.2"
            },
            "require-dev": {
                "phpstan/phpstan": "^2.1",
                "rector/rector": "^2.3"
            },
            "bin": [
                "bin/count-stats",
                "bin/count-files",
                "bin/count-lines",
                "bin/count-chars"
            ],
            "type": "library",
            "autoload": {
                "psr-4": {
                    "DeveloperSamuel\\PhpCodeStats\\": "src/"
                }
            },
            "notification-url": "https://packagist.org/downloads/",
            "license": [
                "MIT"
            ],
            "authors": [
                {
                    "name": "samuel.programmer",
                    "homepage": "https://github.com/developer-samuel"
                }
            ],
            "description": "A high-performance, strictly typed CLI tool for fast source code volume metrics (files, lines, and characters).",
            "support": {
                "issues": "https://github.com/Developer-Samuel/php-codestats/issues",
                "source": "https://github.com/Developer-Samuel/php-codestats/tree/1.1.0"
            },
            "time": "2026-03-16T18:31:16+00:00"
        }
    ],
    "packages-dev": [],
    "aliases": [],
    "minimum-stability": "stable",
    "stability-flags": [],
    "prefer-stable": false,
    "prefer-lowest": false,
    "platform": {
        "php": "^8.3"
    },
    "platform-dev": [],
    "plugin-api-version": "2.6.0"
}
